
Microsoft Visual Studio Solution File, Format Version 12.00
# Visual Studio Version 17
VisualStudioVersion = 17.4.33213.308
MinimumVisualStudioVersion = 10.0.40219.1
Project("{FAE04EC0-301F-11D3-BF4B-00C04F79EFBC}") = "GitProject", "GitProject\GitProject.csproj", "{0DC59F91-9253-46FE-AD51-DE64DA55242B}"
EndProject
Global
	GlobalSection(SolutionConfigurationPlatforms) = preSolution
		Debug|Any CPU = Debug|Any CPU
		Release|Any CPU = Release|Any CPU
	EndGlobalSection
	GlobalSection(ProjectConfigurationPlatforms) = postSolution
		{0DC59F91-9253-46FE-AD51-DE64DA55242B}.Debug|Any CPU.ActiveCfg = Debug|Any CPU
		{0DC59F91-9253-46FE-AD51-DE64DA55242B}.Debug|Any CPU.Build.0 = Debug|Any CPU
		{0DC59F91-9253-46FE-AD51-DE64DA55242B}.Release|Any CPU.ActiveCfg = Release|Any CPU
		{0DC59F91-9253-46FE-AD51-DE64DA55242B}.Release|Any CPU.Build.0 = Release|Any CPU
	EndGlobalSection
	GlobalSection(SolutionProperties) = preSolution
		HideSolutionNode = FALSE
	EndGlobalSection
	GlobalSection(ExtensibilityGlobals) = postSolution
		SolutionGuid = {98BD1052-9D13-411E-A71D-8C25BDC9E530}
	EndGlobalSection
EndGlobal
